
Microsoft Visual Studio Solution File, Format Version 12.00
# Visual Studio Version 17
VisualStudioVersion = 17.14.36623.8 d17.14
MinimumVisualStudioVersion = 10.0.40219.1
Project("{FAE04EC0-301F-11D3-BF4B-00C04F79EFBC}") = "AddressBook", "AddressBook\AddressBook.csproj", "{939BC83A-FC1F-4973-A89E-1FF916B5DB90}"
EndProject
Global
	GlobalSection(SolutionConfigurationPlatforms) = preSolution
		Debug|Any CPU = Debug|Any CPU
		Release|Any CPU = Release|Any CPU
	EndGlobalSection
	GlobalSection(ProjectConfigurationPlatforms) = postSolution
		{939BC83A-FC1F-4973-A89E-1FF916B5DB90}.Debug|Any CPU.ActiveCfg = Debug|Any CPU
		{939BC83A-FC1F-4973-A89E-1FF916B5DB90}.Debug|Any CPU.Build.0 = Debug|Any CPU
		{939BC83A-FC1F-4973-A89E-1FF916B5DB90}.Release|Any CPU.ActiveCfg = Release|Any CPU
		{939BC83A-FC1F-4973-A89E-1FF916B5DB90}.Release|Any CPU.Build.0 = Release|Any CPU
	EndGlobalSection
	GlobalSection(SolutionProperties) = preSolution
		HideSolutionNode = FALSE
	EndGlobalSection
	GlobalSection(ExtensibilityGlobals) = postSolution
		SolutionGuid = {64BFA917-0258-4D8B-8D88-57AD7D73837D}
	EndGlobalSection
EndGlobal
